{
  "name": "vitest-auto-spy-bench",
  "version": "0.0.0",
  "lockfileVersion": 3,
  "requires": true,
  "packages": {
    "": {
      "name": "vitest-auto-spy-bench",
      "version": "0.0.0",
      "devDependencies": {
        "@bugsplat/vitest-auto-spies": "1.0.0",
        "@golevelup/ts-vitest": "4.0.0",
        "jasmine-auto-spies": "8.0.1",
        "jest-auto-spies": "3.0.1",
        "vitest-mock-extended": "5.1.1"
      }
    },
    "node_modules/@bugsplat/vitest-auto-spies": {
      "version": "1.0.0",
      "resolved": "https://registry.npmjs.org/@bugsplat/vitest-auto-spies/-/vitest-auto-spies-1.0.0.tgz",
      "integrity": "sha512-EbhudLU41sMbjCfQcUwolpriJf2Jcnld/dCx2JhQ8ctqDyApd8i6BRGei0okVIWZEpyhOB5PhxWAgVSKTKGJ8A==",
      "dev": true,
      "license": "MIT",
      "dependencies": {
        "@hirez_io/auto-spies-core": "3.0.0"
      },
      "peerDependencies": {
        "rxjs": ">=6.0.0 < 8",
        "typescript": ">=4.7.0",
        "vitest": ">=1.0.0"
      }
    },
    "node_modules/@golevelup/ts-vitest": {
      "version": "4.0.0",
      "resolved": "https://registry.npmjs.org/@golevelup/ts-vitest/-/ts-vitest-4.0.0.tgz",
      "integrity": "sha512-TNIhtox9zWfxlww0ql91l/k2zDthN4owg5qDieRHtjIwIvuoUlXLiwqAb/ifkRr8K+jZLRIC9QrKN/J7TBghlQ==",
      "dev": true,
      "license": "MIT"
    },
    "node_modules/@hirez_io/auto-spies-core": {
      "version": "3.0.0",
      "resolved": "https://registry.npmjs.org/@hirez_io/auto-spies-core/-/auto-spies-core-3.0.0.tgz",
      "integrity": "sha512-au7s7/AqPU5CJhv0slVjmZqEv5Uaf2nj7pYFepp5g3B7EocEeNy7bZ74x5RJldHYtW0R8OptV2mZfwaDOfcNCA==",
      "dev": true,
      "license": "MIT",
      "dependencies": {
        "javascript-stringify": "2.1.0"
      },
      "peerDependencies": {
        "rxjs": ">=6.0.0 < 8",
        "typescript": ">=2.8.1"
      }
    },
    "node_modules/jasmine-auto-spies": {
      "version": "8.0.1",
      "resolved": "https://registry.npmjs.org/jasmine-auto-spies/-/jasmine-auto-spies-8.0.1.tgz",
      "integrity": "sha512-4T8YVS6VJ7VoCdAOqEh3sziD6Wf/m+dfGGQ1a7GZHqjZUjaSD0Be+KqP7CmTiBc3HrX+uvOXr380QIW+TfHhqA==",
      "dev": true,
      "license": "MIT",
      "dependencies": {
        "@hirez_io/auto-spies-core": "3.0.0"
      },
      "peerDependencies": {
        "jasmine-core": ">=2.6.0 < 6",
        "rxjs": ">=6.0.0 < 8",
        "typescript": ">=2.8.1"
      }
    },
    "node_modules/javascript-stringify": {
      "version": "2.1.0",
      "resolved": "https://registry.npmjs.org/javascript-stringify/-/javascript-stringify-2.1.0.tgz",
      "integrity": "sha512-JVAfqNPTvNq3sB/VHQJAFxN/sPgKnsKrCwyRt15zwNCdrMMJDdcEOdubuy+DuJYYdm0ox1J4uzEuYKkN+9yhVg==",
      "dev": true,
      "license": "MIT"
    },
    "node_modules/jest-auto-spies": {
      "version": "3.0.1",
      "resolved": "https://registry.npmjs.org/jest-auto-spies/-/jest-auto-spies-3.0.1.tgz",
      "integrity": "sha512-BRAzmqNQBRX1Y61R+9eQ/Vm+kgs7xUodjs3DkRSndq34B8xs9EysiVk5t6UrIMP3OswpqDcUv+IaQxVdNNsTvw==",
      "dev": true,
      "license": "MIT",
      "dependencies": {
        "@hirez_io/auto-spies-core": "3.0.0"
      },
      "peerDependencies": {
        "jest": ">= 29.0.0 < 31.x",
        "rxjs": ">=6.0.0 < 8",
        "typescript": ">=2.8.1"
      }
    },
    "node_modules/ts-essentials": {
      "version": "10.2.1",
      "resolved": "https://registry.npmjs.org/ts-essentials/-/ts-essentials-10.2.1.tgz",
      "integrity": "sha512-+Id1fRkuir+CsgK2x04/icS2b4V1hQmq7ObzIrDjhN0ozfRYivnP7aaKMVJfLApQm0trjR39A6NIMVchiB9Erw==",
      "dev": true,
      "license": "MIT",
      "peerDependencies": {
        "typescript": ">=4.5.0"
      },
      "peerDependenciesMeta": {
        "typescript": {
          "optional": true
        }
      }
    },
    "node_modules/vitest-mock-extended": {
      "version": "5.1.1",
      "resolved": "https://registry.npmjs.org/vitest-mock-extended/-/vitest-mock-extended-5.1.1.tgz",
      "integrity": "sha512-k5Ji2+t4+nsdepXeakCkilyKydtgaULtP0HsjwQGIZsYr5hDTqrwCtC0+Sh0YBKUS7cY/Wxplf7SVjcZstTIMQ==",
      "dev": true,
      "license": "MIT",
      "dependencies": {
        "ts-essentials": "^10.2.1"
      },
      "peerDependencies": {
        "typescript": "3.x || 4.x || 5.x || 6.x || 7.x",
        "vitest": ">=4.0.0"
      }
    }
  }
}
